"@babel/compat-data@^7.13.11", "@babel/compat-data@^7.16.8", "@babel/compat-data@^7.17.0", "@babel/compat-data@^7.17.7":
  version "7.17.7"
  resolved "https://registry.yarnpkg.com/@babel/compat-data/-/compat-data-7.17.7.tgz#078d8b833fbbcc95286613be8c716cef2b519fa2"
  integrity sha512-p8pdE6j0a29TNGebNm7NzYZWB3xVZJBZ7XGs42uAKzQo8VQ3F0By/cQCtUEABwIqw5zo6WA4NbmxsfzADzMKnQ==
