"@playwright/test@^1.37.0":
  version "1.37.0"
  resolved "https://registry.yarnpkg.com/@playwright/test/-/test-1.37.0.tgz#5b3b60dabaabc0d5d3021fb5a5bb8250b424c71d"
  integrity sha512-181WBLk4SRUyH1Q96VZl7BP6HcK0b7lbdeKisn3N/vnjitk+9HbdlFz/L5fey05vxaAhldIDnzo8KUoy8S3mmQ==
  dependencies:
    "@types/node" "*"
    playwright-core "1.37.0"
  optionalDependencies:
    fsevents "2.3.2"
